
Microsoft Visual Studio Solution File, Format Version 12.00
# Visual Studio 14
VisualStudioVersion = 14.0.25420.1
MinimumVisualStudioVersion = 10.0.40219.1
Project("{FAE04EC0-301F-11D3-BF4B-00C04F79EFBC}") = "SignalRDemo", "SignalRDemo\SignalRDemo.csproj", "{D7F3D737-DDC7-455A-8163-A9AD98518803}"
EndProject
Project("{FAE04EC0-301F-11D3-BF4B-00C04F79EFBC}") = "SignalRDemo.Tests", "SignalRDemo.Tests\SignalRDemo.Tests.csproj", "{47A5498A-4750-4F66-A8B3-A3EA26B698B5}"
EndProject
Global
	GlobalSection(SolutionConfigurationPlatforms) = preSolution
		Debug|Any CPU = Debug|Any CPU
		Release|Any CPU = Release|Any CPU
	EndGlobalSection
	GlobalSection(ProjectConfigurationPlatforms) = postSolution
		{D7F3D737-DDC7-455A-8163-A9AD98518803}.Debug|Any CPU.ActiveCfg = Debug|Any CPU
		{D7F3D737-DDC7-455A-8163-A9AD98518803}.Debug|Any CPU.Build.0 = Debug|Any CPU
		{D7F3D737-DDC7-455A-8163-A9AD98518803}.Release|Any CPU.ActiveCfg = Release|Any CPU
		{D7F3D737-DDC7-455A-8163-A9AD98518803}.Release|Any CPU.Build.0 = Release|Any CPU
		{47A5498A-4750-4F66-A8B3-A3EA26B698B5}.Debug|Any CPU.ActiveCfg = Debug|Any CPU
		{47A5498A-4750-4F66-A8B3-A3EA26B698B5}.Debug|Any CPU.Build.0 = Debug|Any CPU
		{47A5498A-4750-4F66-A8B3-A3EA26B698B5}.Release|Any CPU.ActiveCfg = Release|Any CPU
		{47A5498A-4750-4F66-A8B3-A3EA26B698B5}.Release|Any CPU.Build.0 = Release|Any CPU
	EndGlobalSection
	GlobalSection(SolutionProperties) = preSolution
		HideSolutionNode = FALSE
	EndGlobalSection
EndGlobal
